{
  "name": "homebridge-easee",
  "version": "1.1.5",
  "lockfileVersion": 2,
  "requires": true,
  "packages": {
    "": {
      "name": "homebridge-easee",
      "version": "1.1.5",
      "license": "MIT",
      "dependencies": {
        "@microsoft/signalr": "^6.0.3",
        "axios": "^0.26.1"
      },
      "engines": {
        "homebridge": "^1.4.0",
        "node": "^14.19.0 || ^16.14.0"
      }
    },
    "node_modules/@microsoft/signalr": {
      "version": "6.0.3",
      "resolved": "https://registry.npmjs.org/@microsoft/signalr/-/signalr-6.0.3.tgz",
      "integrity": "sha512-wWGVC2xi8OxNjyir8iQWuyxWHy3Dkakk2Q3VreCE7pDzFAgZ4pId6abJlRPMVIQxkUvUGc8knMW5l3sv2bJ/yw==",
      "dependencies": {
        "abort-controller": "^3.0.0",
        "eventsource": "^1.0.7",
        "fetch-cookie": "^0.11.0",
        "node-fetch": "^2.6.1",
        "ws": "^7.4.5"
      }
    },
    "node_modules/abort-controller": {
      "version": "3.0.0",
      "license": "MIT",
      "dependencies": {
        "event-target-shim": "^5.0.0"
      },
      "engines": {
        "node": ">=6.5"
      }
    },
    "node_modules/axios": {
      "version": "0.26.1",
      "resolved": "https://registry.npmjs.org/axios/-/axios-0.26.1.tgz",
      "integrity": "sha512-fPwcX4EvnSHuInCMItEhAGnaSEXRBjtzh9fOtsE6E1G6p7vl7edEeZe11QHf18+6+9gR5PbKV/sGKNaD8YaMeA==",
      "dependencies": {
        "follow-redirects": "^1.14.8"
      }
    },
    "node_modules/event-target-shim": {
      "version": "5.0.1",
      "license": "MIT",
      "engines": {
        "node": ">=6"
      }
    },
    "node_modules/eventsource": {
      "version": "1.1.0",
      "license": "MIT",
      "dependencies": {
        "original": "^1.0.0"
      },
      "engines": {
        "node": ">=0.12.0"
      }
    },
    "node_modules/fetch-cookie": {
      "version": "0.11.0",
      "license": "Unlicense",
      "dependencies": {
        "tough-cookie": "^2.3.3 || ^3.0.1 || ^4.0.0"
      },
      "engines": {
        "node": ">=8"
      }
    },
    "node_modules/follow-redirects": {
      "version": "1.14.9",
      "funding": [
        {
          "type": "individual",
          "url": "https://github.com/sponsors/RubenVerborgh"
        }
      ],
      "license": "MIT",
      "engines": {
        "node": ">=4.0"
      },
      "peerDependenciesMeta": {
        "debug": {
          "optional": true
        }
      }
    },
    "node_modules/node-fetch": {
      "version": "2.6.7",
      "license": "MIT",
      "dependencies": {
        "whatwg-url": "^5.0.0"
      },
      "engines": {
        "node": "4.x || >=6.0.0"
      },
      "peerDependencies": {
        "encoding": "^0.1.0"
      },
      "peerDependenciesMeta": {
        "encoding": {
          "optional": true
        }
      }
    },
    "node_modules/original": {
      "version": "1.0.2",
      "license": "MIT",
      "dependencies": {
        "url-parse": "^1.4.3"
      }
    },
    "node_modules/psl": {
      "version": "1.8.0",
      "license": "MIT"
    },
    "node_modules/punycode": {
      "version": "2.1.1",
      "license": "MIT",
      "engines": {
        "node": ">=6"
      }
    },
    "node_modules/querystringify": {
      "version": "2.2.0",
      "license": "MIT"
    },
    "node_modules/requires-port": {
      "version": "1.0.0",
      "license": "MIT"
    },
    "node_modules/tough-cookie": {
      "version": "4.0.0",
      "license": "BSD-3-Clause",
      "dependencies": {
        "psl": "^1.1.33",
        "punycode": "^2.1.1",
        "universalify": "^0.1.2"
      },
      "engines": {
        "node": ">=6"
      }
    },
    "node_modules/tr46": {
      "version": "0.0.3",
      "license": "MIT"
    },
    "node_modules/universalify": {
      "version": "0.1.2",
      "license": "MIT",
      "engines": {
        "node": ">= 4.0.0"
      }
    },
    "node_modules/url-parse": {
      "version": "1.5.10",
      "license": "MIT",
      "dependencies": {
        "querystringify": "^2.1.1",
        "requires-port": "^1.0.0"
      }
    },
    "node_modules/webidl-conversions": {
      "version": "3.0.1",
      "license": "BSD-2-Clause"
    },
    "node_modules/whatwg-url": {
      "version": "5.0.0",
      "license": "MIT",
      "dependencies": {
        "tr46": "~0.0.3",
        "webidl-conversions": "^3.0.0"
      }
    },
    "node_modules/ws": {
      "version": "7.5.7",
      "license": "MIT",
      "engines": {
        "node": ">=8.3.0"
      },
      "peerDependencies": {
        "bufferutil": "^4.0.1",
        "utf-8-validate": "^5.0.2"
      },
      "peerDependenciesMeta": {
        "bufferutil": {
          "optional": true
        },
        "utf-8-validate": {
          "optional": true
        }
      }
    }
  },
  "dependencies": {
    "@microsoft/signalr": {
      "version": "6.0.3",
      "resolved": "https://registry.npmjs.org/@microsoft/signalr/-/signalr-6.0.3.tgz",
      "integrity": "sha512-wWGVC2xi8OxNjyir8iQWuyxWHy3Dkakk2Q3VreCE7pDzFAgZ4pId6abJlRPMVIQxkUvUGc8knMW5l3sv2bJ/yw==",
      "requires": {
        "abort-controller": "^3.0.0",
        "eventsource": "^1.0.7",
        "fetch-cookie": "^0.11.0",
        "node-fetch": "^2.6.1",
        "ws": "^7.4.5"
      }
    },
    "abort-controller": {
      "version": "3.0.0",
      "requires": {
        "event-target-shim": "^5.0.0"
      }
    },
    "axios": {
      "version": "0.26.1",
      "resolved": "https://registry.npmjs.org/axios/-/axios-0.26.1.tgz",
      "integrity": "sha512-fPwcX4EvnSHuInCMItEhAGnaSEXRBjtzh9fOtsE6E1G6p7vl7edEeZe11QHf18+6+9gR5PbKV/sGKNaD8YaMeA==",
      "requires": {
        "follow-redirects": "^1.14.8"
      }
    },
    "event-target-shim": {
      "version": "5.0.1"
    },
    "eventsource": {
      "version": "1.1.0",
      "requires": {
        "original": "^1.0.0"
      }
    },
    "fetch-cookie": {
      "version": "0.11.0",
      "requires": {
        "tough-cookie": "^2.3.3 || ^3.0.1 || ^4.0.0"
      }
    },
    "follow-redirects": {
      "version": "1.14.9"
    },
    "node-fetch": {
      "version": "2.6.7",
      "requires": {
        "whatwg-url": "^5.0.0"
      }
    },
    "original": {
      "version": "1.0.2",
      "requires": {
        "url-parse": "^1.4.3"
      }
    },
    "psl": {
      "version": "1.8.0"
    },
    "punycode": {
      "version": "2.1.1"
    },
    "querystringify": {
      "version": "2.2.0"
    },
    "requires-port": {
      "version": "1.0.0"
    },
    "tough-cookie": {
      "version": "4.0.0",
      "requires": {
        "psl": "^1.1.33",
        "punycode": "^2.1.1",
        "universalify": "^0.1.2"
      }
    },
    "tr46": {
      "version": "0.0.3"
    },
    "universalify": {
      "version": "0.1.2"
    },
    "url-parse": {
      "version": "1.5.10",
      "requires": {
        "querystringify": "^2.1.1",
        "requires-port": "^1.0.0"
      }
    },
    "webidl-conversions": {
      "version": "3.0.1"
    },
    "whatwg-url": {
      "version": "5.0.0",
      "requires": {
        "tr46": "~0.0.3",
        "webidl-conversions": "^3.0.0"
      }
    },
    "ws": {
      "version": "7.5.7",
      "requires": {}
    }
  }
}
